# Generated by move; do not edit
# This file should be checked in.

[move]
version = 4

[pinned.testnet.MoveStdlib]
source = { git = "https://github.com/MystenLabs/sui.git", subdir = "crates/sui-framework/packages/move-stdlib", rev = "2a0becb2fcc6989e492981104af67f62f2c9511a" }
use_environment = "testnet"
manifest_digest = "C4FE4C91DE74CBF223B2E380AE40F592177D21870DC2D7EB6227D2D694E05363"
deps = {}

[pinned.testnet.Sui]
source = { git = "https://github.com/MystenLabs/sui.git", subdir = "crates/sui-framework/packages/sui-framework", rev = "2a0becb2fcc6989e492981104af67f62f2c9511a" }
use_environment = "testnet"
manifest_digest = "7AFB66695545775FBFBB2D3078ADFD084244D5002392E837FDE21D9EA1C6D01C"
deps = { MoveStdlib = "MoveStdlib" }

[pinned.testnet.bps]
source = { git = "https://github.com/unconfirmedlabs/bps.git", subdir = ".", rev = "4ca1972a67d35c972ca567de7b08315e3778e52b" }
use_environment = "testnet"
manifest_digest = "5745706258F61D6CE210904B3E6AE87A73CE9D31A6F93BE4718C442529332A87"
deps = { std = "MoveStdlib", sui = "Sui" }

[pinned.testnet.composition_royalty_pool]
source = { root = true }
use_environment = "testnet"
manifest_digest = "ADA5ABA37E7BA113815830678C6219ACAE1C87F1055895CD5C9F92D5BB3C5231"
deps = { hikida = "hikida", miso = "miso", royalty_pool = "royalty_pool", std = "MoveStdlib", sui = "Sui", vault = "vault" }

[pinned.testnet.hikida]
source = { git = "https://github.com/unconfirmedlabs/hikida.git", subdir = ".", rev = "4abe4c1ff482655693698fa6ab8a6e2b58f8c635" }
use_environment = "testnet"
manifest_digest = "5745706258F61D6CE210904B3E6AE87A73CE9D31A6F93BE4718C442529332A87"
deps = { std = "MoveStdlib", sui = "Sui" }

[pinned.testnet.miso]
source = { git = "https://github.com/misonetwork/protocol.git", subdir = ".", rev = "6de5f9881ee62c81c57ce16832efc24dc33ae429" }
use_environment = "testnet"
manifest_digest = "BA5EBAA55B1B6DE07709319F1448FD9DBDFDA8C66F573336039066CF1046AE53"
deps = { bps = "bps", miso_share = "miso_share", std = "MoveStdlib", sui = "Sui" }

[pinned.testnet.miso_share]
source = { git = "https://github.com/misonetwork/share.git", subdir = ".", rev = "561cfad98e4aaa63e6b34d5a6f4c22e397c70a52" }
use_environment = "testnet"
manifest_digest = "5745706258F61D6CE210904B3E6AE87A73CE9D31A6F93BE4718C442529332A87"
deps = { std = "MoveStdlib", sui = "Sui" }

[pinned.testnet.royalty_pool]
source = { git = "https://github.com/misonetwork/royalty-pool.git", subdir = ".", rev = "2a55f9d8d47c8011ada5c74d181c807167d78da3" }
use_environment = "testnet"
manifest_digest = "A14B8EEA8117AE9FF640B7D0633A291D278C3AACD2905B9C74DB5C056E785C4F"
deps = { hikida = "hikida", std = "MoveStdlib", sui = "Sui" }

[pinned.testnet.vault]
source = { git = "https://github.com/misofm/vault.git", subdir = ".", rev = "a171b3ad5a69868da857a361cbfb3503ff64e780" }
use_environment = "testnet"
manifest_digest = "5745706258F61D6CE210904B3E6AE87A73CE9D31A6F93BE4718C442529332A87"
deps = { std = "MoveStdlib", sui = "Sui" }
